
Microsoft Visual Studio Solution File, Format Version 12.00
# Visual Studio Version 17
VisualStudioVersion = 17.14.36310.24
MinimumVisualStudioVersion = 10.0.40219.1
Project("{FAE04EC0-301F-11D3-BF4B-00C04F79EFBC}") = "ablauncher", "ablauncher\ablauncher.csproj", "{318E444C-937C-487E-9EB8-61D950EF4CE6}"
EndProject
Global
	GlobalSection(SolutionConfigurationPlatforms) = preSolution
		Debug|Any CPU = Debug|Any CPU
		DebugGame|Any CPU = DebugGame|Any CPU
		Release|Any CPU = Release|Any CPU
	EndGlobalSection
	GlobalSection(ProjectConfigurationPlatforms) = postSolution
		{318E444C-937C-487E-9EB8-61D950EF4CE6}.Debug|Any CPU.ActiveCfg = Debug|Any CPU
		{318E444C-937C-487E-9EB8-61D950EF4CE6}.Debug|Any CPU.Build.0 = Debug|Any CPU
		{318E444C-937C-487E-9EB8-61D950EF4CE6}.DebugGame|Any CPU.ActiveCfg = DebugGame|Any CPU
		{318E444C-937C-487E-9EB8-61D950EF4CE6}.DebugGame|Any CPU.Build.0 = DebugGame|Any CPU
		{318E444C-937C-487E-9EB8-61D950EF4CE6}.Release|Any CPU.ActiveCfg = Release|Any CPU
		{318E444C-937C-487E-9EB8-61D950EF4CE6}.Release|Any CPU.Build.0 = Release|Any CPU
	EndGlobalSection
	GlobalSection(SolutionProperties) = preSolution
		HideSolutionNode = FALSE
	EndGlobalSection
	GlobalSection(ExtensibilityGlobals) = postSolution
		SolutionGuid = {B1EE59CC-58A6-49C5-83F6-43FBE2B488B7}
	EndGlobalSection
EndGlobal
